
Microsoft Visual Studio Solution File, Format Version 12.00
# Visual Studio Version 17
VisualStudioVersion = 17.3.32819.101
MinimumVisualStudioVersion = 10.0.40219.1
Project("{9A19103F-16F7-4668-BE54-9A1E7A4F7556}") = "SkyCarsWebAPI", "SkyCarsWebAPI\SkyCarsWebAPI.csproj", "{8A9CBE7B-40F6-426E-AF6A-5238B5230A48}"
EndProject
Project("{FAE04EC0-301F-11D3-BF4B-00C04F79EFBC}") = "SkyCars.Core", "..\SkyCars.Core\SkyCars.Core.csproj", "{9634A0D8-ECF7-4598-AA49-E15CBF78AFCD}"
EndProject
Project("{FAE04EC0-301F-11D3-BF4B-00C04F79EFBC}") = "SkyCars.Data", "..\SkyCars.Data\SkyCars.Data.csproj", "{1141D7A3-0725-409C-B10B-5A3D98C2B151}"
EndProject
Project("{FAE04EC0-301F-11D3-BF4B-00C04F79EFBC}") = "SkyCars.Service", "..\SkyCars.Service\SkyCars.Service.csproj", "{4599878F-9D33-44DB-BA3F-4D0F4A075D9A}"
EndProject
Global
	GlobalSection(SolutionConfigurationPlatforms) = preSolution
		Debug|Any CPU = Debug|Any CPU
		Release|Any CPU = Release|Any CPU
	EndGlobalSection
	GlobalSection(ProjectConfigurationPlatforms) = postSolution
		{8A9CBE7B-40F6-426E-AF6A-5238B5230A48}.Debug|Any CPU.ActiveCfg = Debug|Any CPU
		{8A9CBE7B-40F6-426E-AF6A-5238B5230A48}.Debug|Any CPU.Build.0 = Debug|Any CPU
		{8A9CBE7B-40F6-426E-AF6A-5238B5230A48}.Release|Any CPU.ActiveCfg = Release|Any CPU
		{8A9CBE7B-40F6-426E-AF6A-5238B5230A48}.Release|Any CPU.Build.0 = Release|Any CPU
		{9634A0D8-ECF7-4598-AA49-E15CBF78AFCD}.Debug|Any CPU.ActiveCfg = Debug|Any CPU
		{9634A0D8-ECF7-4598-AA49-E15CBF78AFCD}.Debug|Any CPU.Build.0 = Debug|Any CPU
		{9634A0D8-ECF7-4598-AA49-E15CBF78AFCD}.Release|Any CPU.ActiveCfg = Release|Any CPU
		{9634A0D8-ECF7-4598-AA49-E15CBF78AFCD}.Release|Any CPU.Build.0 = Release|Any CPU
		{1141D7A3-0725-409C-B10B-5A3D98C2B151}.Debug|Any CPU.ActiveCfg = Debug|Any CPU
		{1141D7A3-0725-409C-B10B-5A3D98C2B151}.Debug|Any CPU.Build.0 = Debug|Any CPU
		{1141D7A3-0725-409C-B10B-5A3D98C2B151}.Release|Any CPU.ActiveCfg = Release|Any CPU
		{1141D7A3-0725-409C-B10B-5A3D98C2B151}.Release|Any CPU.Build.0 = Release|Any CPU
		{4599878F-9D33-44DB-BA3F-4D0F4A075D9A}.Debug|Any CPU.ActiveCfg = Debug|Any CPU
		{4599878F-9D33-44DB-BA3F-4D0F4A075D9A}.Debug|Any CPU.Build.0 = Debug|Any CPU
		{4599878F-9D33-44DB-BA3F-4D0F4A075D9A}.Release|Any CPU.ActiveCfg = Release|Any CPU
		{4599878F-9D33-44DB-BA3F-4D0F4A075D9A}.Release|Any CPU.Build.0 = Release|Any CPU
	EndGlobalSection
	GlobalSection(SolutionProperties) = preSolution
		HideSolutionNode = FALSE
	EndGlobalSection
	GlobalSection(ExtensibilityGlobals) = postSolution
		SolutionGuid = {8D415E93-9DB9-41F4-8FD4-B97FCAAC0D10}
	EndGlobalSection
EndGlobal
